
Microsoft Visual Studio Solution File, Format Version 12.00
Project("{FAE04EC0-301F-11D3-BF4B-00C04F79EFBC}") = "cems.API", "cems.API\cems.API.csproj", "{8AEACD2C-DF61-4E19-A48B-DB5DE489EB22}"
EndProject
Global
	GlobalSection(SolutionConfigurationPlatforms) = preSolution
		Debug|Any CPU = Debug|Any CPU
		Release|Any CPU = Release|Any CPU
	EndGlobalSection
	GlobalSection(ProjectConfigurationPlatforms) = postSolution
		{8AEACD2C-DF61-4E19-A48B-DB5DE489EB22}.Debug|Any CPU.ActiveCfg = Debug|Any CPU
		{8AEACD2C-DF61-4E19-A48B-DB5DE489EB22}.Debug|Any CPU.Build.0 = Debug|Any CPU
		{8AEACD2C-DF61-4E19-A48B-DB5DE489EB22}.Release|Any CPU.ActiveCfg = Release|Any CPU
		{8AEACD2C-DF61-4E19-A48B-DB5DE489EB22}.Release|Any CPU.Build.0 = Release|Any CPU
	EndGlobalSection
EndGlobal
