
Microsoft Visual Studio Solution File, Format Version 12.00
Project("{FAE04EC0-301F-11D3-BF4B-00C04F79EFBC}") = "cems.API", "cems.API.csproj", "{1937BC91-B7F9-422B-BF00-4266360C5429}"
EndProject
Global
	GlobalSection(SolutionConfigurationPlatforms) = preSolution
		Debug|Any CPU = Debug|Any CPU
		Release|Any CPU = Release|Any CPU
	EndGlobalSection
	GlobalSection(ProjectConfigurationPlatforms) = postSolution
		{1937BC91-B7F9-422B-BF00-4266360C5429}.Debug|Any CPU.ActiveCfg = Debug|Any CPU
		{1937BC91-B7F9-422B-BF00-4266360C5429}.Debug|Any CPU.Build.0 = Debug|Any CPU
		{1937BC91-B7F9-422B-BF00-4266360C5429}.Release|Any CPU.ActiveCfg = Release|Any CPU
		{1937BC91-B7F9-422B-BF00-4266360C5429}.Release|Any CPU.Build.0 = Release|Any CPU
	EndGlobalSection
EndGlobal
